
Microsoft Visual Studio Solution File, Format Version 12.00
# Visual Studio Version 16
VisualStudioVersion = 16.0.29926.136
MinimumVisualStudioVersion = 10.0.40219.1
Project("{FAE04EC0-301F-11D3-BF4B-00C04F79EFBC}") = "cw6", "cw6\cw6.csproj", "{1ADE5B8F-C098-4B99-9CED-625E036C1201}"
EndProject
Global
	GlobalSection(SolutionConfigurationPlatforms) = preSolution
		Debug|Any CPU = Debug|Any CPU
		Release|Any CPU = Release|Any CPU
	EndGlobalSection
	GlobalSection(ProjectConfigurationPlatforms) = postSolution
		{1ADE5B8F-C098-4B99-9CED-625E036C1201}.Debug|Any CPU.ActiveCfg = Debug|Any CPU
		{1ADE5B8F-C098-4B99-9CED-625E036C1201}.Debug|Any CPU.Build.0 = Debug|Any CPU
		{1ADE5B8F-C098-4B99-9CED-625E036C1201}.Release|Any CPU.ActiveCfg = Release|Any CPU
		{1ADE5B8F-C098-4B99-9CED-625E036C1201}.Release|Any CPU.Build.0 = Release|Any CPU
	EndGlobalSection
	GlobalSection(SolutionProperties) = preSolution
		HideSolutionNode = FALSE
	EndGlobalSection
	GlobalSection(ExtensibilityGlobals) = postSolution
		SolutionGuid = {1223938B-DDEA-4BB1-B1AC-94F589180112}
	EndGlobalSection
EndGlobal
